
Microsoft Visual Studio Solution File, Format Version 12.00
# Visual Studio Version 17
VisualStudioVersion = 17.0.32014.148
MinimumVisualStudioVersion = 10.0.40219.1
Project("{9A19103F-16F7-4668-BE54-9A1E7A4F7556}") = "Dream.AgentClass", "Dream.AgentClass\Dream.AgentClass.csproj", "{14E41452-D0AA-4388-A15D-1C68154F9B8A}"
EndProject
Project("{9A19103F-16F7-4668-BE54-9A1E7A4F7556}") = "Dream.Models.SOE_Basic", "Dream.Models.SOE_Basic\Dream.Models.SOE_Basic.csproj", "{80B206F2-38AC-4A5C-86FC-19645779A1E3}"
EndProject
Project("{9A19103F-16F7-4668-BE54-9A1E7A4F7556}") = "Dream.IO", "Dream.IO\Dream.IO.csproj", "{A673F3B1-9E73-4E51-BD88-9F12F59C702F}"
EndProject
Global
	GlobalSection(SolutionConfigurationPlatforms) = preSolution
		Debug|Any CPU = Debug|Any CPU
		Release|Any CPU = Release|Any CPU
	EndGlobalSection
	GlobalSection(ProjectConfigurationPlatforms) = postSolution
		{14E41452-D0AA-4388-A15D-1C68154F9B8A}.Debug|Any CPU.ActiveCfg = Debug|Any CPU
		{14E41452-D0AA-4388-A15D-1C68154F9B8A}.Debug|Any CPU.Build.0 = Debug|Any CPU
		{14E41452-D0AA-4388-A15D-1C68154F9B8A}.Release|Any CPU.ActiveCfg = Release|Any CPU
		{14E41452-D0AA-4388-A15D-1C68154F9B8A}.Release|Any CPU.Build.0 = Release|Any CPU
		{80B206F2-38AC-4A5C-86FC-19645779A1E3}.Debug|Any CPU.ActiveCfg = Debug|Any CPU
		{80B206F2-38AC-4A5C-86FC-19645779A1E3}.Debug|Any CPU.Build.0 = Debug|Any CPU
		{80B206F2-38AC-4A5C-86FC-19645779A1E3}.Release|Any CPU.ActiveCfg = Release|Any CPU
		{80B206F2-38AC-4A5C-86FC-19645779A1E3}.Release|Any CPU.Build.0 = Release|Any CPU
		{A673F3B1-9E73-4E51-BD88-9F12F59C702F}.Debug|Any CPU.ActiveCfg = Debug|Any CPU
		{A673F3B1-9E73-4E51-BD88-9F12F59C702F}.Debug|Any CPU.Build.0 = Debug|Any CPU
		{A673F3B1-9E73-4E51-BD88-9F12F59C702F}.Release|Any CPU.ActiveCfg = Release|Any CPU
		{A673F3B1-9E73-4E51-BD88-9F12F59C702F}.Release|Any CPU.Build.0 = Release|Any CPU
	EndGlobalSection
	GlobalSection(SolutionProperties) = preSolution
		HideSolutionNode = FALSE
	EndGlobalSection
	GlobalSection(ExtensibilityGlobals) = postSolution
		SolutionGuid = {86DCF03B-BCC2-48ED-99C5-B296B9720538}
	EndGlobalSection
EndGlobal
